// !$*UTF8*$!
{
	archiveVersion = 1;
	classes = {
	};
	objectVersion = 50;
	objects = {

/* Begin PBXBuildFile section */
		A32E688D24DC4E0300A1D046 /* FoodCell.swift in Sources */ = {isa = PBXBuildFile; fileRef = A32E688C24DC4E0300A1D046 /* FoodCell.swift */; };
		A32E688F24DC4F1300A1D046 /* SelfConfiguringCell_Protocol.swift in Sources */ = {isa = PBXBuildFile; fileRef = A32E688E24DC4F1300A1D046 /* SelfConfiguringCell_Protocol.swift */; };
		A374945424D99CB400E64F11 /* AppDelegate.swift in Sources */ = {isa = PBXBuildFile; fileRef = A374945324D99CB400E64F11 /* AppDelegate.swift */; };
		A374945624D99CB400E64F11 /* SceneDelegate.swift in Sources */ = {isa = PBXBuildFile; fileRef = A374945524D99CB400E64F11 /* SceneDelegate.swift */; };
		A374945824D99CB400E64F11 /* ListViewController.swift in Sources */ = {isa = PBXBuildFile; fileRef = A374945724D99CB400E64F11 /* ListViewController.swift */; };
		A374945D24D99CB500E64F11 /* Assets.xcassets in Resources */ = {isa = PBXBuildFile; fileRef = A374945C24D99CB500E64F11 /* Assets.xcassets */; };
		A374946024D99CB500E64F11 /* LaunchScreen.storyboard in Resources */ = {isa = PBXBuildFile; fileRef = A374945E24D99CB500E64F11 /* LaunchScreen.storyboard */; };
		A374946824D9A11100E64F11 /* MainTabbarController.swift in Sources */ = {isa = PBXBuildFile; fileRef = A374946724D9A11100E64F11 /* MainTabbarController.swift */; };
		A374946C24D9A51F00E64F11 /* CompositionalVC.swift in Sources */ = {isa = PBXBuildFile; fileRef = A374946B24D9A51F00E64F11 /* CompositionalVC.swift */; };
		A3AEF22324DB27CC00865225 /* ThirdViewController.swift in Sources */ = {isa = PBXBuildFile; fileRef = A3AEF22224DB27CC00865225 /* ThirdViewController.swift */; };
		A3AEF22524DB2FC700865225 /* UserCell.swift in Sources */ = {isa = PBXBuildFile; fileRef = A3AEF22424DB2FC700865225 /* UserCell.swift */; };
/* End PBXBuildFile section */

/* Begin PBXFileReference section */
		A32E688C24DC4E0300A1D046 /* FoodCell.swift */ = {isa = PBXFileReference; lastKnownFileType = sourcecode.swift; path = FoodCell.swift; sourceTree = "<group>"; };
		A32E688E24DC4F1300A1D046 /* SelfConfiguringCell_Protocol.swift */ = {isa = PBXFileReference; lastKnownFileType = sourcecode.swift; path = SelfConfiguringCell_Protocol.swift; sourceTree = "<group>"; };
		A374945024D99CB400E64F11 /* 57_complicatedInterfases_UIcollView.app */ = {isa = PBXFileReference; explicitFileType = wrapper.application; includeInIndex = 0; path = 57_complicatedInterfases_UIcollView.app; sourceTree = BUILT_PRODUCTS_DIR; };
		A374945324D99CB400E64F11 /* AppDelegate.swift */ = {isa = PBXFileReference; lastKnownFileType = sourcecode.swift; path = AppDelegate.swift; sourceTree = "<group>"; };
		A374945524D99CB400E64F11 /* SceneDelegate.swift */ = {isa = PBXFileReference; lastKnownFileType = sourcecode.swift; path = SceneDelegate.swift; sourceTree = "<group>"; };
		A374945724D99CB400E64F11 /* ListViewController.swift */ = {isa = PBXFileReference; lastKnownFileType = sourcecode.swift; path = ListViewController.swift; sourceTree = "<group>"; };
		A374945C24D99CB500E64F11 /* Assets.xcassets */ = {isa = PBXFileReference; lastKnownFileType = folder.assetcatalog; path = Assets.xcassets; sourceTree = "<group>"; };
		A374945F24D99CB500E64F11 /* Base */ = {isa = PBXFileReference; lastKnownFileType = file.storyboard; name = Base; path = Base.lproj/LaunchScreen.storyboard; sourceTree = "<group>"; };
		A374946124D99CB500E64F11 /* Info.plist */ = {isa = PBXFileReference; lastKnownFileType = text.plist.xml; path = Info.plist; sourceTree = "<group>"; };
		A374946724D9A11100E64F11 /* MainTabbarController.swift */ = {isa = PBXFileReference; lastKnownFileType = sourcecode.swift; path = MainTabbarController.swift; sourceTree = "<group>"; };
		A374946B24D9A51F00E64F11 /* CompositionalVC.swift */ = {isa = PBXFileReference; lastKnownFileType = sourcecode.swift; path = CompositionalVC.swift; sourceTree = "<group>"; };
		A3AEF22224DB27CC00865225 /* ThirdViewController.swift */ = {isa = PBXFileReference; lastKnownFileType = sourcecode.swift; path = ThirdViewController.swift; sourceTree = "<group>"; };
		A3AEF22424DB2FC700865225 /* UserCell.swift */ = {isa = PBXFileReference; lastKnownFileType = sourcecode.swift; path = UserCell.swift; sourceTree = "<group>"; };
/* End PBXFileReference section */

/* Begin PBXFrameworksBuildPhase section */
		A374944D24D99CB400E64F11 /* Frameworks */ = {
			isa = PBXFrameworksBuildPhase;
			buildActionMask = 2147483647;
			files = (
			);
			runOnlyForDeploymentPostprocessing = 0;
		};
/* End PBXFrameworksBuildPhase section */

/* Begin PBXGroup section */
		A374944724D99CB400E64F11 = {
			isa = PBXGroup;
			children = (
				A374945224D99CB400E64F11 /* 57_complicatedInterfases_UIcollView */,
				A374945124D99CB400E64F11 /* Products */,
			);
			sourceTree = "<group>";
		};
		A374945124D99CB400E64F11 /* Products */ = {
			isa = PBXGroup;
			children = (
				A374945024D99CB400E64F11 /* 57_complicatedInterfases_UIcollView.app */,
			);
			name = Products;
			sourceTree = "<group>";
		};
		A374945224D99CB400E64F11 /* 57_complicatedInterfases_UIcollView */ = {
			isa = PBXGroup;
			children = (
				A374945324D99CB400E64F11 /* AppDelegate.swift */,
				A374945524D99CB400E64F11 /* SceneDelegate.swift */,
				A374945724D99CB400E64F11 /* ListViewController.swift */,
				A3AEF22224DB27CC00865225 /* ThirdViewController.swift */,
				A374946B24D9A51F00E64F11 /* CompositionalVC.swift */,
				A374946724D9A11100E64F11 /* MainTabbarController.swift */,
				A3AEF22424DB2FC700865225 /* UserCell.swift */,
				A32E688E24DC4F1300A1D046 /* SelfConfiguringCell_Protocol.swift */,
				A32E688C24DC4E0300A1D046 /* FoodCell.swift */,
				A374945C24D99CB500E64F11 /* Assets.xcassets */,
				A374945E24D99CB500E64F11 /* LaunchScreen.storyboard */,
				A374946124D99CB500E64F11 /* Info.plist */,
			);
			path = 57_complicatedInterfases_UIcollView;
			sourceTree = "<group>";
		};
/* End PBXGroup section */

/* Begin PBXNativeTarget section */
		A374944F24D99CB400E64F11 /* 57_complicatedInterfases_UIcollView */ = {
			isa = PBXNativeTarget;
			buildConfigurationList = A374946424D99CB500E64F11 /* Build configuration list for PBXNativeTarget "57_complicatedInterfases_UIcollView" */;
			buildPhases = (
				A374944C24D99CB400E64F11 /* Sources */,
				A374944D24D99CB400E64F11 /* Frameworks */,
				A374944E24D99CB400E64F11 /* Resources */,
			);
			buildRules = (
			);
			dependencies = (
			);
			name = 57_complicatedInterfases_UIcollView;
			productName = 57_complicatedInterfases_UIcollView;
			productReference = A374945024D99CB400E64F11 /* 57_complicatedInterfases_UIcollView.app */;
			productType = "com.apple.product-type.application";
		};
/* End PBXNativeTarget section */

/* Begin PBXProject section */
		A374944824D99CB400E64F11 /* Project object */ = {
			isa = PBXProject;
			attributes = {
				LastSwiftUpdateCheck = 1130;
				LastUpgradeCheck = 1130;
				ORGANIZATIONNAME = fedir;
				TargetAttributes = {
					A374944F24D99CB400E64F11 = {
						CreatedOnToolsVersion = 11.3;
					};
				};
			};
			buildConfigurationList = A374944B24D99CB400E64F11 /* Build configuration list for PBXProject "57_complicatedInterfases_UIcollView" */;
			compatibilityVersion = "Xcode 9.3";
			developmentRegion = en;
			hasScannedForEncodings = 0;
			knownRegions = (
				en,
				Base,
			);
			mainGroup = A374944724D99CB400E64F11;
			productRefGroup = A374945124D99CB400E64F11 /* Products */;
			projectDirPath = "";
			projectRoot = "";
			targets = (
				A374944F24D99CB400E64F11 /* 57_complicatedInterfases_UIcollView */,
			);
		};
/* End PBXProject section */

/* Begin PBXResourcesBuildPhase section */
		A374944E24D99CB400E64F11 /* Resources */ = {
			isa = PBXResourcesBuildPhase;
			buildActionMask = 2147483647;
			files = (
				A374946024D99CB500E64F11 /* LaunchScreen.storyboard in Resources */,
				A374945D24D99CB500E64F11 /* Assets.xcassets in Resources */,
			);
			runOnlyForDeploymentPostprocessing = 0;
		};
/* End PBXResourcesBuildPhase section */

/* Begin PBXSourcesBuildPhase section */
		A374944C24D99CB400E64F11 /* Sources */ = {
			isa = PBXSourcesBuildPhase;
			buildActionMask = 2147483647;
			files = (
				A32E688F24DC4F1300A1D046 /* SelfConfiguringCell_Protocol.swift in Sources */,
				A374945824D99CB400E64F11 /* ListViewController.swift in Sources */,
				A32E688D24DC4E0300A1D046 /* FoodCell.swift in Sources */,
				A374945424D99CB400E64F11 /* AppDelegate.swift in Sources */,
				A374946824D9A11100E64F11 /* MainTabbarController.swift in Sources */,
				A374945624D99CB400E64F11 /* SceneDelegate.swift in Sources */,
				A3AEF22324DB27CC00865225 /* ThirdViewController.swift in Sources */,
				A374946C24D9A51F00E64F11 /* CompositionalVC.swift in Sources */,
				A3AEF22524DB2FC700865225 /* UserCell.swift in Sources */,
			);
			runOnlyForDeploymentPostprocessing = 0;
		};
/* End PBXSourcesBuildPhase section */

/* Begin PBXVariantGroup section */
		A374945E24D99CB500E64F11 /* LaunchScreen.storyboard */ = {
			isa = PBXVariantGroup;
			children = (
				A374945F24D99CB500E64F11 /* Base */,
			);
			name = LaunchScreen.storyboard;
			sourceTree = "<group>";
		};
/* End PBXVariantGroup section */

/* Begin XCBuildConfiguration section */
		A374946224D99CB500E64F11 /* Debug */ = {
			isa = XCBuildConfiguration;
			buildSettings = {
				ALWAYS_SEARCH_USER_PATHS = NO;
				CLANG_ANALYZER_NONNULL = YES;
				CLANG_ANALYZER_NUMBER_OBJECT_CONVERSION = YES_AGGRESSIVE;
				CLANG_CXX_LANGUAGE_STANDARD = "gnu++14";
				CLANG_CXX_LIBRARY = "libc++";
				CLANG_ENABLE_MODULES = YES;
				CLANG_ENABLE_OBJC_ARC = YES;
				CLANG_ENABLE_OBJC_WEAK = YES;
				CLANG_WARN_BLOCK_CAPTURE_AUTORELEASING = YES;
				CLANG_WARN_BOOL_CONVERSION = YES;
				CLANG_WARN_COMMA = YES;
				CLANG_WARN_CONSTANT_CONVERSION = YES;
				CLANG_WARN_DEPRECATED_OBJC_IMPLEMENTATIONS = YES;
				CLANG_WARN_DIRECT_OBJC_ISA_USAGE = YES_ERROR;
				CLANG_WARN_DOCUMENTATION_COMMENTS = YES;
				CLANG_WARN_EMPTY_BODY = YES;
				CLANG_WARN_ENUM_CONVERSION = YES;
				CLANG_WARN_INFINITE_RECURSION = YES;
				CLANG_WARN_INT_CONVERSION = YES;
				CLANG_WARN_NON_LITERAL_NULL_CONVERSION = YES;
				CLANG_WARN_OBJC_IMPLICIT_RETAIN_SELF = YES;
				CLANG_WARN_OBJC_LITERAL_CONVERSION = YES;
				CLANG_WARN_OBJC_ROOT_CLASS = YES_ERROR;
				CLANG_WARN_RANGE_LOOP_ANALYSIS = YES;
				CLANG_WARN_STRICT_PROTOTYPES = YES;
				CLANG_WARN_SUSPICIOUS_MOVE = YES;
				CLANG_WARN_UNGUARDED_AVAILABILITY = YES_AGGRESSIVE;
				CLANG_WARN_UNREACHABLE_CODE = YES;
				CLANG_WARN__DUPLICATE_METHOD_MATCH = YES;
				COPY_PHASE_STRIP = NO;
				DEBUG_INFORMATION_FORMAT = dwarf;
				ENABLE_STRICT_OBJC_MSGSEND = YES;
				ENABLE_TESTABILITY = YES;
				GCC_C_LANGUAGE_STANDARD = gnu11;
				GCC_DYNAMIC_NO_PIC = NO;
				GCC_NO_COMMON_BLOCKS = YES;
				GCC_OPTIMIZATION_LEVEL = 0;
				GCC_PREPROCESSOR_DEFINITIONS = (
					"DEBUG=1",
					"$(inherited)",
				);
				GCC_WARN_64_TO_32_BIT_CONVERSION = YES;
				GCC_WARN_ABOUT_RETURN_TYPE = YES_ERROR;
				GCC_WARN_UNDECLARED_SELECTOR = YES;
				GCC_WARN_UNINITIALIZED_AUTOS = YES_AGGRESSIVE;
				GCC_WARN_UNUSED_FUNCTION = YES;
				GCC_WARN_UNUSED_VARIABLE = YES;
				IPHONEOS_DEPLOYMENT_TARGET = 13.2;
				MTL_ENABLE_DEBUG_INFO = INCLUDE_SOURCE;
				MTL_FAST_MATH = YES;
				ONLY_ACTIVE_ARCH = YES;
				SDKROOT = iphoneos;
				SWIFT_ACTIVE_COMPILATION_CONDITIONS = DEBUG;
				SWIFT_OPTIMIZATION_LEVEL = "-Onone";
			};
			name = Debug;
		};
		A374946324D99CB500E64F11 /* Release */ = {
			isa = XCBuildConfiguration;
			buildSettings = {
				ALWAYS_SEARCH_USER_PATHS = NO;
				CLANG_ANALYZER_NONNULL = YES;
				CLANG_ANALYZER_NUMBER_OBJECT_CONVERSION = YES_AGGRESSIVE;
				CLANG_CXX_LANGUAGE_STANDARD = "gnu++14";
				CLANG_CXX_LIBRARY = "libc++";
				CLANG_ENABLE_MODULES = YES;
				CLANG_ENABLE_OBJC_ARC = YES;
				CLANG_ENABLE_OBJC_WEAK = YES;
				CLANG_WARN_BLOCK_CAPTURE_AUTORELEASING = YES;
				CLANG_WARN_BOOL_CONVERSION = YES;
				CLANG_WARN_COMMA = YES;
				CLANG_WARN_CONSTANT_CONVERSION = YES;
				CLANG_WARN_DEPRECATED_OBJC_IMPLEMENTATIONS = YES;
				CLANG_WARN_DIRECT_OBJC_ISA_USAGE = YES_ERROR;
				CLANG_WARN_DOCUMENTATION_COMMENTS = YES;
				CLANG_WARN_EMPTY_BODY = YES;
				CLANG_WARN_ENUM_CONVERSION = YES;
				CLANG_WARN_INFINITE_RECURSION = YES;
				CLANG_WARN_INT_CONVERSION = YES;
				CLANG_WARN_NON_LITERAL_NULL_CONVERSION = YES;
				CLANG_WARN_OBJC_IMPLICIT_RETAIN_SELF = YES;
				CLANG_WARN_OBJC_LITERAL_CONVERSION = YES;
				CLANG_WARN_OBJC_ROOT_CLASS = YES_ERROR;
				CLANG_WARN_RANGE_LOOP_ANALYSIS = YES;
				CLANG_WARN_STRICT_PROTOTYPES = YES;
				CLANG_WARN_SUSPICIOUS_MOVE = YES;
				CLANG_WARN_UNGUARDED_AVAILABILITY = YES_AGGRESSIVE;
				CLANG_WARN_UNREACHABLE_CODE = YES;
				CLANG_WARN__DUPLICATE_METHOD_MATCH = YES;
				COPY_PHASE_STRIP = NO;
				DEBUG_INFORMATION_FORMAT = "dwarf-with-dsym";
				ENABLE_NS_ASSERTIONS = NO;
				ENABLE_STRICT_OBJC_MSGSEND = YES;
				GCC_C_LANGUAGE_STANDARD = gnu11;
				GCC_NO_COMMON_BLOCKS = YES;
				GCC_WARN_64_TO_32_BIT_CONVERSION = YES;
				GCC_WARN_ABOUT_RETURN_TYPE = YES_ERROR;
				GCC_WARN_UNDECLARED_SELECTOR = YES;
				GCC_WARN_UNINITIALIZED_AUTOS = YES_AGGRESSIVE;
				GCC_WARN_UNUSED_FUNCTION = YES;
				GCC_WARN_UNUSED_VARIABLE = YES;
				IPHONEOS_DEPLOYMENT_TARGET = 13.2;
				MTL_ENABLE_DEBUG_INFO = NO;
				MTL_FAST_MATH = YES;
				SDKROOT = iphoneos;
				SWIFT_COMPILATION_MODE = wholemodule;
				SWIFT_OPTIMIZATION_LEVEL = "-O";
				VALIDATE_PRODUCT = YES;
			};
			name = Release;
		};
		A374946524D99CB500E64F11 /* Debug */ = {
			isa = XCBuildConfiguration;
			buildSettings = {
				ASSETCATALOG_COMPILER_APPICON_NAME = AppIcon;
				CODE_SIGN_STYLE = Automatic;
				DEVELOPMENT_TEAM = YPXDVQFQ53;
				INFOPLIST_FILE = 57_complicatedInterfases_UIcollView/Info.plist;
				LD_RUNPATH_SEARCH_PATHS = (
					"$(inherited)",
					"@executable_path/Frameworks",
				);
				PRODUCT_BUNDLE_IDENTIFIER = "fedir72.-7-complicatedInterfases-UIcollView";
				PRODUCT_NAME = "$(TARGET_NAME)";
				SWIFT_VERSION = 5.0;
				TARGETED_DEVICE_FAMILY = "1,2";
			};
			name = Debug;
		};
		A374946624D99CB500E64F11 /* Release */ = {
			isa = XCBuildConfiguration;
			buildSettings = {
				ASSETCATALOG_COMPILER_APPICON_NAME = AppIcon;
				CODE_SIGN_STYLE = Automatic;
				DEVELOPMENT_TEAM = YPXDVQFQ53;
				INFOPLIST_FILE = 57_complicatedInterfases_UIcollView/Info.plist;
				LD_RUNPATH_SEARCH_PATHS = (
					"$(inherited)",
					"@executable_path/Frameworks",
				);
				PRODUCT_BUNDLE_IDENTIFIER = "fedir72.-7-complicatedInterfases-UIcollView";
				PRODUCT_NAME = "$(TARGET_NAME)";
				SWIFT_VERSION = 5.0;
				TARGETED_DEVICE_FAMILY = "1,2";
			};
			name = Release;
		};
/* End XCBuildConfiguration section */

/* Begin XCConfigurationList section */
		A374944B24D99CB400E64F11 /* Build configuration list for PBXProject "57_complicatedInterfases_UIcollView" */ = {
			isa = XCConfigurationList;
			buildConfigurations = (
				A374946224D99CB500E64F11 /* Debug */,
				A374946324D99CB500E64F11 /* Release */,
			);
			defaultConfigurationIsVisible = 0;
			defaultConfigurationName = Release;
		};
		A374946424D99CB500E64F11 /* Build configuration list for PBXNativeTarget "57_complicatedInterfases_UIcollView" */ = {
			isa = XCConfigurationList;
			buildConfigurations = (
				A374946524D99CB500E64F11 /* Debug */,
				A374946624D99CB500E64F11 /* Release */,
			);
			defaultConfigurationIsVisible = 0;
			defaultConfigurationName = Release;
		};
/* End XCConfigurationList section */
	};
	rootObject = A374944824D99CB400E64F11 /* Project object */;
}
